
Microsoft Visual Studio Solution File, Format Version 12.00
# Visual Studio Version 17
VisualStudioVersion = 17.8.34330.188
MinimumVisualStudioVersion = 10.0.40219.1
Project("{FAE04EC0-301F-11D3-BF4B-00C04F79EFBC}") = "Ordering.Clinet", "Ordering.Clinet\Ordering.Clinet.csproj", "{6E89B50B-94EE-416F-AF16-4EABD3D00A9D}"
EndProject
Global
	GlobalSection(SolutionConfigurationPlatforms) = preSolution
		Debug|Any CPU = Debug|Any CPU
		Release|Any CPU = Release|Any CPU
	EndGlobalSection
	GlobalSection(ProjectConfigurationPlatforms) = postSolution
		{6E89B50B-94EE-416F-AF16-4EABD3D00A9D}.Debug|Any CPU.ActiveCfg = Debug|Any CPU
		{6E89B50B-94EE-416F-AF16-4EABD3D00A9D}.Debug|Any CPU.Build.0 = Debug|Any CPU
		{6E89B50B-94EE-416F-AF16-4EABD3D00A9D}.Release|Any CPU.ActiveCfg = Release|Any CPU
		{6E89B50B-94EE-416F-AF16-4EABD3D00A9D}.Release|Any CPU.Build.0 = Release|Any CPU
	EndGlobalSection
	GlobalSection(SolutionProperties) = preSolution
		HideSolutionNode = FALSE
	EndGlobalSection
	GlobalSection(ExtensibilityGlobals) = postSolution
		SolutionGuid = {9D1AED78-D099-4F7A-A81E-B49F4A8E74C5}
	EndGlobalSection
EndGlobal
